<?xml version="1.0"?>
<CONFIG>
  <ProjectOptions>
    <Version Value="9"/>
    <General>
      <Flags>
        <LRSInOutputDirectory Value="False"/>
      </Flags>
      <MainUnit Value="0"/>
      <Title Value="TurboBird"/>
      <ResourceType Value="res"/>
      <UseXPManifest Value="True"/>
      <Icon Value="0"/>
      <ActiveWindowIndexAtStart Value="0"/>
    </General>
    <VersionInfo>
      <UseVersionInfo Value="True"/>
      <AutoIncrementBuild Value="True"/>
      <MinorVersionNr Value="9"/>
      <RevisionNr Value="11"/>
      <BuildNr Value="1092"/>
      <StringTable ProductVersion="0.9"/>
    </VersionInfo>
    <BuildModes Count="1">
      <Item1 Name="default" Default="True"/>
    </BuildModes>
    <PublishOptions>
      <Version Value="2"/>
      <IgnoreBinaries Value="False"/>
      <IncludeFileFilter Value="*.(pas|pp|inc|lfm|lpr|lrs|lpi|lpk|sh|xml)"/>
      <ExcludeFileFilter Value="*.(bak|ppu|ppw|o|so);*~;backup"/>
    </PublishOptions>
    <RunParams>
      <local>
        <FormatVersion Value="1"/>
        <LaunchingApplication PathPlusParams="/usr/X11R6/bin/xterm -T 'Lazarus Run Output' -e $(LazarusDir)/tools/runwait.sh $(TargetCmdLine)"/>
      </local>
    </RunParams>
    <RequiredPackages Count="5">
      <Item1>
        <PackageName Value="MemDSLaz"/>
      </Item1>
      <Item2>
        <PackageName Value="SQLDBLaz"/>
      </Item2>
      <Item3>
        <PackageName Value="SynEdit"/>
        <MinVersion Major="1" Valid="True"/>
      </Item3>
      <Item4>
        <PackageName Value="FCL"/>
        <MinVersion Major="1" Valid="True"/>
      </Item4>
      <Item5>
        <PackageName Value="LCL"/>
      </Item5>
    </RequiredPackages>
    <Units Count="118">
      <Unit0>
        <Filename Value="TurboBird.lpr"/>
        <IsPartOfProject Value="True"/>
        <UnitName Value="TurboBird"/>
        <EditorIndex Value="2"/>
        <WindowIndex Value="0"/>
        <TopLine Value="1"/>
        <CursorPos X="25" Y="5"/>
        <UsageCount Value="200"/>
        <Loaded Value="True"/>
      </Unit0>
      <Unit1>
        <Filename Value="main.pas"/>
        <IsPartOfProject Value="True"/>
        <ComponentName Value="fmMain"/>
        <HasResources Value="True"/>
        <ResourceBaseClass Value="Form"/>
        <UnitName Value="main"/>
        <WindowIndex Value="0"/>
        <TopLine Value="263"/>
        <CursorPos X="5" Y="271"/>
        <UsageCount Value="200"/>
      </Unit1>
      <Unit2>
        <Filename Value="createdb.pas"/>
        <IsPartOfProject Value="True"/>
        <ComponentName Value="fmCreateDB"/>
        <HasResources Value="True"/>
        <ResourceBaseClass Value="Form"/>
        <UnitName Value="CreateDb"/>
        <WindowIndex Value="0"/>
        <TopLine Value="1"/>
        <CursorPos X="76" Y="6"/>
        <UsageCount Value="200"/>
      </Unit2>
      <Unit3>
        <Filename Value="reg.pas"/>
        <IsPartOfProject Value="True"/>
        <ComponentName Value="fmReg"/>
        <HasResources Value="True"/>
        <ResourceBaseClass Value="Form"/>
        <UnitName Value="Reg"/>
        <WindowIndex Value="0"/>
        <TopLine Value="237"/>
        <CursorPos X="22" Y="270"/>
        <UsageCount Value="200"/>
      </Unit3>
      <Unit4>
        <Filename Value="/usr/lib/lazarus/0.9.28.2/lcl/buttons.pp"/>
        <UnitName Value="Buttons"/>
        <TopLine Value="125"/>
        <CursorPos X="25" Y="141"/>
        <UsageCount Value="26"/>
      </Unit4>
      <Unit5>
        <Filename Value="querywindow.pas"/>
        <IsPartOfProject Value="True"/>
        <ComponentName Value="fmQueryWindow"/>
        <HasResources Value="True"/>
        <ResourceBaseClass Value="Form"/>
        <UnitName Value="QueryWindow"/>
        <IsVisibleTab Value="True"/>
        <EditorIndex Value="0"/>
        <WindowIndex Value="0"/>
        <TopLine Value="1892"/>
        <CursorPos X="13" Y="1896"/>
        <UsageCount Value="200"/>
        <Bookmarks Count="2">
          <Item0 X="3" Y="1034" ID="0"/>
          <Item1 X="3" Y="1859" ID="1"/>
        </Bookmarks>
        <Loaded Value="True"/>
        <LoadedDesigner Value="True"/>
      </Unit5>
      <Unit6>
        <Filename Value="/usr/lib/lazarus/0.9.28.2/lcl/dialogs.pp"/>
        <UnitName Value="Dialogs"/>
        <TopLine Value="530"/>
        <CursorPos X="10" Y="489"/>
        <UsageCount Value="7"/>
      </Unit6>
      <Unit7>
        <Filename Value="/usr/lib/lazarus/0.9.28.2/lcl/include/messagedialogs.inc"/>
        <TopLine Value="152"/>
        <CursorPos X="6" Y="159"/>
        <UsageCount Value="7"/>
      </Unit7>
      <Unit8>
        <Filename Value="tableinfo.pas"/>
        <ComponentName Value="fmTableInfo"/>
        <ResourceBaseClass Value="Form"/>
        <UnitName Value="TableInfo"/>
        <WindowIndex Value="0"/>
        <TopLine Value="67"/>
        <CursorPos X="6" Y="97"/>
        <UsageCount Value="187"/>
      </Unit8>
      <Unit9>
        <Filename Value="viewview.pas"/>
        <IsPartOfProject Value="True"/>
        <ComponentName Value="fmViewView"/>
        <ResourceBaseClass Value="Form"/>
        <UnitName Value="ViewView"/>
        <WindowIndex Value="0"/>
        <TopLine Value="9"/>
        <CursorPos X="19" Y="21"/>
        <UsageCount Value="200"/>
      </Unit9>
      <Unit10>
        <Filename Value="viewtrigger.pas"/>
        <IsPartOfProject Value="True"/>
        <ComponentName Value="fmViewTrigger"/>
        <ResourceBaseClass Value="Form"/>
        <UnitName Value="ViewTrigger"/>
        <WindowIndex Value="0"/>
        <TopLine Value="19"/>
        <CursorPos X="72" Y="27"/>
        <UsageCount Value="200"/>
      </Unit10>
      <Unit11>
        <Filename Value="viewsproc.pas"/>
        <IsPartOfProject Value="True"/>
        <ComponentName Value="fmViewSProc"/>
        <ResourceBaseClass Value="Form"/>
        <UnitName Value="ViewSProc"/>
        <WindowIndex Value="0"/>
        <TopLine Value="11"/>
        <CursorPos X="11" Y="17"/>
        <UsageCount Value="200"/>
      </Unit11>
      <Unit12>
        <Filename Value="viewgen.pas"/>
        <IsPartOfProject Value="True"/>
        <ComponentName Value="fmViewGen"/>
        <ResourceBaseClass Value="Form"/>
        <UnitName Value="ViewGen"/>
        <WindowIndex Value="0"/>
        <TopLine Value="8"/>
        <CursorPos X="60" Y="22"/>
        <UsageCount Value="201"/>
      </Unit12>
      <Unit13>
        <Filename Value="newtable.pas"/>
        <IsPartOfProject Value="True"/>
        <ComponentName Value="fmNewTable"/>
        <HasResources Value="True"/>
        <ResourceBaseClass Value="Form"/>
        <UnitName Value="NewTable"/>
        <WindowIndex Value="0"/>
        <TopLine Value="183"/>
        <CursorPos X="56" Y="215"/>
        <UsageCount Value="200"/>
      </Unit13>
      <Unit14>
        <Filename Value="newgen.pas"/>
        <IsPartOfProject Value="True"/>
        <ComponentName Value="fmNewGen"/>
        <ResourceBaseClass Value="Form"/>
        <UnitName Value="NewGen"/>
        <WindowIndex Value="0"/>
        <TopLine Value="54"/>
        <CursorPos X="56" Y="57"/>
        <UsageCount Value="200"/>
      </Unit14>
      <Unit15>
        <Filename Value="enterpass.pas"/>
        <IsPartOfProject Value="True"/>
        <ComponentName Value="fmEnterPass"/>
        <HasResources Value="True"/>
        <ResourceBaseClass Value="Form"/>
        <UnitName Value="EnterPass"/>
        <WindowIndex Value="0"/>
        <TopLine Value="4"/>
        <CursorPos X="18" Y="22"/>
        <UsageCount Value="200"/>
      </Unit15>
      <Unit16>
        <Filename Value="about.pas"/>
        <IsPartOfProject Value="True"/>
        <ComponentName Value="fmAbout"/>
        <HasResources Value="True"/>
        <ResourceBaseClass Value="Form"/>
        <UnitName Value="About"/>
        <WindowIndex Value="0"/>
        <TopLine Value="8"/>
        <CursorPos X="66" Y="94"/>
        <UsageCount Value="200"/>
      </Unit16>
      <Unit17>
        <Filename Value="/usr/lib/lazarus/0.9.28.2/lcl/interfaces/gtk2/interfaces.pas"/>
        <UnitName Value="Interfaces"/>
        <TopLine Value="1"/>
        <CursorPos X="1" Y="1"/>
        <UsageCount Value="5"/>
      </Unit17>
      <Unit18>
        <Filename Value="/usr/share/fpcsrc/2.2.4/rtl/objpas/sysutils/datih.inc"/>
        <TopLine Value="101"/>
        <CursorPos X="10" Y="130"/>
        <UsageCount Value="3"/>
      </Unit18>
      <Unit19>
        <Filename Value="/usr/share/fpcsrc/2.2.4/rtl/objpas/sysutils/dati.inc"/>
        <TopLine Value="53"/>
        <CursorPos X="1" Y="1"/>
        <UsageCount Value="1"/>
      </Unit19>
      <Unit20>
        <Filename Value="createtrigger.pas"/>
        <IsPartOfProject Value="True"/>
        <ComponentName Value="fmCreateTrigger"/>
        <ResourceBaseClass Value="Form"/>
        <UnitName Value="CreateTrigger"/>
        <WindowIndex Value="0"/>
        <TopLine Value="6"/>
        <CursorPos X="86" Y="43"/>
        <UsageCount Value="200"/>
      </Unit20>
      <Unit21>
        <Filename Value="/usr/share/fpcsrc/2.2.4/packages/fcl-db/src/sqldb/sqldb.pp"/>
        <UnitName Value="sqldb"/>
        <TopLine Value="1643"/>
        <CursorPos X="17" Y="1647"/>
        <UsageCount Value="2"/>
      </Unit21>
      <Unit22>
        <Filename Value="/usr/share/fpcsrc/2.2.4/packages/fcl-db/src/base/sqlscript.pp"/>
        <UnitName Value="sqlscript"/>
        <TopLine Value="472"/>
        <CursorPos X="23" Y="401"/>
        <UsageCount Value="2"/>
      </Unit22>
      <Unit23>
        <Filename Value="/usr/share/fpcsrc/2.2.4/packages/fcl-db/src/base/db.pas"/>
        <UnitName Value="db"/>
        <TopLine Value="1759"/>
        <CursorPos X="15" Y="1783"/>
        <UsageCount Value="7"/>
      </Unit23>
      <Unit24>
        <Filename Value="/usr/share/fpcsrc/2.2.4/packages/fcl-db/src/base/datasource.inc"/>
        <TopLine Value="467"/>
        <CursorPos X="26" Y="471"/>
        <UsageCount Value="7"/>
      </Unit24>
      <Unit25>
        <Filename Value="/usr/share/fpcsrc/2.2.4/packages/fcl-db/src/base/dsparams.inc"/>
        <TopLine Value="1"/>
        <CursorPos X="1" Y="1"/>
        <UsageCount Value="7"/>
      </Unit25>
      <Unit26>
        <Filename Value="indices.pas"/>
        <ComponentName Value="fmIndices"/>
        <ResourceBaseClass Value="Form"/>
        <UnitName Value="Indices"/>
        <WindowIndex Value="0"/>
        <TopLine Value="27"/>
        <CursorPos X="1" Y="127"/>
        <UsageCount Value="143"/>
      </Unit26>
      <Unit27>
        <Filename Value="/usr/lib/lazarus/0.9.28.2/components/cgi/ide/cgilazideintf.pas"/>
        <UnitName Value="CGILazIDEIntf"/>
        <TopLine Value="131"/>
        <CursorPos X="13" Y="138"/>
        <UsageCount Value="6"/>
      </Unit27>
      <Unit28>
        <Filename Value="../spidercgi/freespiderideintf.pas"/>
        <UnitName Value="FreeSpiderIDEIntf"/>
        <WindowIndex Value="0"/>
        <TopLine Value="1"/>
        <CursorPos X="18" Y="21"/>
        <UsageCount Value="82"/>
      </Unit28>
      <Unit29>
        <Filename Value="/usr/lib/lazarus/0.9.28.2/components/cgi/cgimodules.pas"/>
        <UnitName Value="cgiModules"/>
        <TopLine Value="1"/>
        <CursorPos X="1" Y="1"/>
        <UsageCount Value="6"/>
      </Unit29>
      <Unit30>
        <Filename Value="/usr/lib/lazarus/0.9.28.2/ideintf/actionseditor.pas"/>
        <ComponentName Value="ActionListEditor"/>
        <HasResources Value="True"/>
        <ResourceBaseClass Value="Form"/>
        <UnitName Value="ActionsEditor"/>
        <TopLine Value="1"/>
        <CursorPos X="30" Y="7"/>
        <UsageCount Value="10"/>
      </Unit30>
      <Unit31>
        <Filename Value="/usr/lib/lazarus/0.9.28.2/ideintf/formeditingintf.pas"/>
        <UnitName Value="FormEditingIntf"/>
        <TopLine Value="14"/>
        <CursorPos X="55" Y="25"/>
        <UsageCount Value="10"/>
      </Unit31>
      <Unit32>
        <Filename Value="/usr/lib/lazarus/0.9.28.2/ideintf/projectintf.pas"/>
        <UnitName Value="ProjectIntf"/>
        <TopLine Value="1"/>
        <CursorPos X="1" Y="1"/>
        <UsageCount Value="10"/>
      </Unit32>
      <Unit33>
        <Filename Value="/usr/lib/lazarus/0.9.28.2/ideintf/lazideintf.pas"/>
        <UnitName Value="LazIDEIntf"/>
        <TopLine Value="14"/>
        <CursorPos X="24" Y="26"/>
        <UsageCount Value="10"/>
      </Unit33>
      <Unit34>
        <Filename Value="edittable.pas"/>
        <IsPartOfProject Value="True"/>
        <ComponentName Value="fmEditTable"/>
        <HasResources Value="True"/>
        <ResourceBaseClass Value="Form"/>
        <UnitName Value="EditTable"/>
        <WindowIndex Value="0"/>
        <TopLine Value="1"/>
        <CursorPos X="58" Y="90"/>
        <UsageCount Value="200"/>
      </Unit34>
      <Unit35>
        <Filename Value="/usr/share/fpcsrc/2.2.4/packages/fcl-base/src/custapp.pp"/>
        <UnitName Value="CustApp"/>
        <TopLine Value="231"/>
        <CursorPos X="11" Y="234"/>
        <UsageCount Value="23"/>
      </Unit35>
      <Unit36>
        <Filename Value="callproc.pas"/>
        <IsPartOfProject Value="True"/>
        <ComponentName Value="fmCallProc"/>
        <ResourceBaseClass Value="Form"/>
        <UnitName Value="CallProc"/>
        <WindowIndex Value="0"/>
        <TopLine Value="1"/>
        <CursorPos X="3" Y="28"/>
        <UsageCount Value="200"/>
      </Unit36>
      <Unit37>
        <Filename Value="editdatafullrec.pas"/>
        <IsPartOfProject Value="True"/>
        <ComponentName Value="fmEditDataFullRec"/>
        <ResourceBaseClass Value="Form"/>
        <UnitName Value="EditDataFullRec"/>
        <WindowIndex Value="0"/>
        <TopLine Value="85"/>
        <CursorPos X="41" Y="79"/>
        <UsageCount Value="200"/>
      </Unit37>
      <Unit38>
        <Filename Value="udfinfo.pas"/>
        <IsPartOfProject Value="True"/>
        <ComponentName Value="fmUDFInfo"/>
        <ResourceBaseClass Value="Form"/>
        <UnitName Value="UDFInfo"/>
        <WindowIndex Value="0"/>
        <TopLine Value="12"/>
        <CursorPos X="29" Y="29"/>
        <UsageCount Value="200"/>
      </Unit38>
      <Unit39>
        <Filename Value="viewdomain.pas"/>
        <IsPartOfProject Value="True"/>
        <ComponentName Value="fmViewDomain"/>
        <ResourceBaseClass Value="Form"/>
        <UnitName Value="ViewDomain"/>
        <WindowIndex Value="0"/>
        <TopLine Value="12"/>
        <CursorPos X="24" Y="17"/>
        <UsageCount Value="200"/>
      </Unit39>
      <Unit40>
        <Filename Value="newdomain.pas"/>
        <IsPartOfProject Value="True"/>
        <ComponentName Value="fmNewDomain"/>
        <ResourceBaseClass Value="Form"/>
        <UnitName Value="NewDomain"/>
        <WindowIndex Value="0"/>
        <TopLine Value="1"/>
        <CursorPos X="20" Y="45"/>
        <UsageCount Value="200"/>
      </Unit40>
      <Unit41>
        <Filename Value="/usr/lib/lazarus/0.9.28.2/components/synedit/synedit.pp"/>
        <UnitName Value="SynEdit"/>
        <TopLine Value="1075"/>
        <CursorPos X="14" Y="1097"/>
        <UsageCount Value="10"/>
      </Unit41>
      <Unit42>
        <Filename Value="systables.pas"/>
        <IsPartOfProject Value="True"/>
        <ComponentName Value="dmSysTables"/>
        <HasResources Value="True"/>
        <ResourceBaseClass Value="DataModule"/>
        <UnitName Value="SysTables"/>
        <WindowIndex Value="0"/>
        <TopLine Value="713"/>
        <CursorPos X="18" Y="749"/>
        <UsageCount Value="200"/>
      </Unit42>
      <Unit43>
        <Filename Value="/usr/lib/lazarus/0.9.28.2/components/synedit/syneditmiscclasses.pp"/>
        <UnitName Value="SynEditMiscClasses"/>
        <TopLine Value="89"/>
        <CursorPos X="14" Y="111"/>
        <UsageCount Value="3"/>
      </Unit43>
      <Unit44>
        <Filename Value="constraints.pas"/>
        <ComponentName Value="fmConstraints"/>
        <ResourceBaseClass Value="Form"/>
        <UnitName Value="Constraints"/>
        <WindowIndex Value="0"/>
        <TopLine Value="73"/>
        <CursorPos X="1" Y="95"/>
        <UsageCount Value="95"/>
      </Unit44>
      <Unit45>
        <Filename Value="newconstraint.pas"/>
        <IsPartOfProject Value="True"/>
        <ComponentName Value="fmNewConstraint"/>
        <ResourceBaseClass Value="Form"/>
        <UnitName Value="NewConstraint"/>
        <WindowIndex Value="0"/>
        <TopLine Value="60"/>
        <CursorPos X="54" Y="53"/>
        <UsageCount Value="200"/>
      </Unit45>
      <Unit46>
        <Filename Value="neweditfield.pas"/>
        <IsPartOfProject Value="True"/>
        <ComponentName Value="fmNewEditField"/>
        <ResourceBaseClass Value="Form"/>
        <UnitName Value="NewEditField"/>
        <WindowIndex Value="0"/>
        <TopLine Value="125"/>
        <CursorPos X="3" Y="68"/>
        <UsageCount Value="202"/>
      </Unit46>
      <Unit47>
        <Filename Value="/usr/lib/lazarus/0.9.28.2/lcl/dbgrids.pas"/>
        <UnitName Value="DBGrids"/>
        <TopLine Value="510"/>
        <CursorPos X="16" Y="526"/>
        <UsageCount Value="13"/>
      </Unit47>
      <Unit48>
        <Filename Value="/usr/lib/lazarus/0.9.28.2/lcl/controls.pp"/>
        <UnitName Value="Controls"/>
        <TopLine Value="859"/>
        <CursorPos X="5" Y="875"/>
        <UsageCount Value="13"/>
      </Unit48>
      <Unit49>
        <Filename Value="/usr/share/fpcsrc/2.2.4/rtl/objpas/classes/classesh.inc"/>
        <TopLine Value="104"/>
        <CursorPos X="3" Y="120"/>
        <UsageCount Value="13"/>
      </Unit49>
      <Unit50>
        <Filename Value="calen.pas"/>
        <IsPartOfProject Value="True"/>
        <ComponentName Value="fmCalen"/>
        <ResourceBaseClass Value="Form"/>
        <UnitName Value="Calen"/>
        <WindowIndex Value="0"/>
        <TopLine Value="17"/>
        <CursorPos X="37" Y="49"/>
        <UsageCount Value="200"/>
      </Unit50>
      <Unit51>
        <Filename Value="scriptdb.pas"/>
        <IsPartOfProject Value="True"/>
        <UnitName Value="Scriptdb"/>
        <WindowIndex Value="0"/>
        <TopLine Value="491"/>
        <CursorPos X="46" Y="518"/>
        <UsageCount Value="200"/>
      </Unit51>
      <Unit52>
        <Filename Value="connectas.pas"/>
        <ComponentName Value="fmConnectAs"/>
        <ResourceBaseClass Value="Form"/>
        <UnitName Value="ConnectAs"/>
        <TopLine Value="1"/>
        <CursorPos X="1" Y="1"/>
        <UsageCount Value="12"/>
      </Unit52>
      <Unit53>
        <Filename Value="userpermissions.pas"/>
        <IsPartOfProject Value="True"/>
        <ComponentName Value="fmUserPermissions"/>
        <ResourceBaseClass Value="Form"/>
        <UnitName Value="UserPermissions"/>
        <WindowIndex Value="0"/>
        <TopLine Value="6"/>
        <CursorPos X="8" Y="34"/>
        <UsageCount Value="200"/>
      </Unit53>
      <Unit54>
        <Filename Value="/usr/lib/lazarus/0.9.29/ide/lazarus.pp"/>
        <UnitName Value="Lazarus"/>
        <WindowIndex Value="0"/>
        <TopLine Value="1"/>
        <CursorPos X="40" Y="18"/>
        <UsageCount Value="11"/>
      </Unit54>
      <Unit55>
        <Filename Value="tablemanage.pas"/>
        <IsPartOfProject Value="True"/>
        <ComponentName Value="fmTableManage"/>
        <HasResources Value="True"/>
        <ResourceBaseClass Value="Form"/>
        <UnitName Value="TableManage"/>
        <WindowIndex Value="0"/>
        <TopLine Value="304"/>
        <CursorPos X="39" Y="310"/>
        <UsageCount Value="200"/>
      </Unit55>
      <Unit56>
        <Filename Value="/usr/lib/lazarus/0.9.29/lcl/grids.pas"/>
        <UnitName Value="Grids"/>
        <WindowIndex Value="0"/>
        <TopLine Value="1"/>
        <CursorPos X="1" Y="1"/>
        <UsageCount Value="8"/>
      </Unit56>
      <Unit57>
        <Filename Value="/usr/lib/lazarus/0.9.29/components/synedit/synedit.pp"/>
        <UnitName Value="SynEdit"/>
        <WindowIndex Value="0"/>
        <TopLine Value="783"/>
        <CursorPos X="30" Y="804"/>
        <UsageCount Value="3"/>
      </Unit57>
      <Unit58>
        <Filename Value="/usr/lib/lazarus/0.9.29/components/synedit/synedittypes.pp"/>
        <UnitName Value="SynEditTypes"/>
        <WindowIndex Value="0"/>
        <TopLine Value="1"/>
        <CursorPos X="18" Y="38"/>
        <UsageCount Value="3"/>
      </Unit58>
      <Unit59>
        <Filename Value="/usr/lib/lazarus/0.9.29/lcl/dialogs.pp"/>
        <UnitName Value="Dialogs"/>
        <WindowIndex Value="0"/>
        <TopLine Value="346"/>
        <CursorPos X="33" Y="369"/>
        <UsageCount Value="3"/>
      </Unit59>
      <Unit60>
        <Filename Value="backuprestore.pas"/>
        <IsPartOfProject Value="True"/>
        <ComponentName Value="fmBackupRestore"/>
        <HasResources Value="True"/>
        <ResourceBaseClass Value="Form"/>
        <UnitName Value="BackupRestore"/>
        <WindowIndex Value="0"/>
        <TopLine Value="92"/>
        <CursorPos X="3" Y="98"/>
        <UsageCount Value="200"/>
      </Unit60>
      <Unit61>
        <Filename Value="unitfirebirdservices.pas"/>
        <UnitName Value="UnitFirebirdServices"/>
        <WindowIndex Value="0"/>
        <TopLine Value="1"/>
        <CursorPos X="1" Y="1"/>
        <UsageCount Value="23"/>
      </Unit61>
      <Unit62>
        <Filename Value="/usr/share/fpcsrc/2.4.0/packages/fcl-db/src/sqldb/interbase/ibconnection.pp"/>
        <UnitName Value="IBConnection"/>
        <WindowIndex Value="0"/>
        <TopLine Value="435"/>
        <CursorPos X="19" Y="447"/>
        <UsageCount Value="1"/>
      </Unit62>
      <Unit63>
        <Filename Value="ibconnection.pp"/>
        <UnitName Value="IBConnection"/>
        <WindowIndex Value="0"/>
        <TopLine Value="639"/>
        <CursorPos X="21" Y="745"/>
        <UsageCount Value="24"/>
      </Unit63>
      <Unit64>
        <Filename Value="/usr/share/fpcsrc/2.4.0/packages/fcl-db/src/sqldb/sqldb.pp"/>
        <UnitName Value="sqldb"/>
        <WindowIndex Value="0"/>
        <TopLine Value="1"/>
        <CursorPos X="44" Y="23"/>
        <UsageCount Value="5"/>
      </Unit64>
      <Unit65>
        <Filename Value="/usr/share/fpcsrc/2.4.0/packages/fcl-db/src/base/db.pas"/>
        <UnitName Value="db"/>
        <WindowIndex Value="0"/>
        <TopLine Value="1293"/>
        <CursorPos X="15" Y="1310"/>
        <UsageCount Value="5"/>
      </Unit65>
      <Unit66>
        <Filename Value="/usr/share/fpcsrc/2.4.0/packages/fcl-db/src/base/sqlscript.pp"/>
        <UnitName Value="sqlscript"/>
        <WindowIndex Value="0"/>
        <TopLine Value="1"/>
        <CursorPos X="1" Y="1"/>
        <UsageCount Value="1"/>
      </Unit66>
      <Unit67>
        <Filename Value="/usr/share/fpcsrc/2.4.0/packages/fcl-db/src/base/dataset.inc"/>
        <WindowIndex Value="0"/>
        <TopLine Value="21"/>
        <CursorPos X="1" Y="1"/>
        <UsageCount Value="1"/>
      </Unit67>
      <Unit68>
        <Filename Value="createuser.pas"/>
        <IsPartOfProject Value="True"/>
        <ComponentName Value="fmCreateUser"/>
        <HasResources Value="True"/>
        <ResourceBaseClass Value="Form"/>
        <UnitName Value="CreateUser"/>
        <WindowIndex Value="0"/>
        <TopLine Value="12"/>
        <CursorPos X="24" Y="12"/>
        <UsageCount Value="200"/>
      </Unit68>
      <Unit69>
        <Filename Value="changepass.pas"/>
        <IsPartOfProject Value="True"/>
        <ComponentName Value="fmChangePass"/>
        <HasResources Value="True"/>
        <ResourceBaseClass Value="Form"/>
        <UnitName Value="ChangePass"/>
        <WindowIndex Value="0"/>
        <TopLine Value="3"/>
        <CursorPos X="88" Y="14"/>
        <UsageCount Value="200"/>
      </Unit69>
      <Unit70>
        <Filename Value="permissionmanage.pas"/>
        <IsPartOfProject Value="True"/>
        <ComponentName Value="fmPermissionManage"/>
        <HasResources Value="True"/>
        <ResourceBaseClass Value="Form"/>
        <UnitName Value="PermissionManage"/>
        <WindowIndex Value="0"/>
        <TopLine Value="432"/>
        <CursorPos X="25" Y="289"/>
        <UsageCount Value="200"/>
      </Unit70>
      <Unit71>
        <Filename Value="sqlhistory.pas"/>
        <IsPartOfProject Value="True"/>
        <ComponentName Value="fmSQLHistory"/>
        <HasResources Value="True"/>
        <ResourceBaseClass Value="Form"/>
        <UnitName Value="SQLHistory"/>
        <WindowIndex Value="0"/>
        <TopLine Value="37"/>
        <CursorPos X="31" Y="63"/>
        <UsageCount Value="189"/>
      </Unit71>
      <Unit72>
        <Filename Value="../../lazarus/lazarus/lcl/include/menuitem.inc"/>
        <WindowIndex Value="0"/>
        <TopLine Value="57"/>
        <CursorPos X="1" Y="77"/>
        <UsageCount Value="6"/>
      </Unit72>
      <Unit73>
        <Filename Value="../../lazarus/lazarus/lcl/include/menu.inc"/>
        <WindowIndex Value="0"/>
        <TopLine Value="241"/>
        <CursorPos X="1" Y="273"/>
        <UsageCount Value="6"/>
      </Unit73>
      <Unit74>
        <Filename Value="copytable.pas"/>
        <IsPartOfProject Value="True"/>
        <ComponentName Value="fmCopyTable"/>
        <HasResources Value="True"/>
        <ResourceBaseClass Value="Form"/>
        <UnitName Value="CopyTable"/>
        <WindowIndex Value="0"/>
        <TopLine Value="1"/>
        <CursorPos X="51" Y="14"/>
        <UsageCount Value="160"/>
      </Unit74>
      <Unit75>
        <Filename Value="/usr/lib/lazarus/0.9.30/lcl/comctrls.pp"/>
        <UnitName Value="ComCtrls"/>
        <WindowIndex Value="0"/>
        <TopLine Value="2685"/>
        <CursorPos X="3" Y="2707"/>
        <UsageCount Value="4"/>
      </Unit75>
      <Unit76>
        <Filename Value="/usr/lib/lazarus/0.9.30/lcl/include/menuitem.inc"/>
        <WindowIndex Value="0"/>
        <TopLine Value="53"/>
        <CursorPos X="1" Y="75"/>
        <UsageCount Value="4"/>
      </Unit76>
      <Unit77>
        <Filename Value="/usr/lib/lazarus/0.9.30/ide/lazconf.pp"/>
        <UnitName Value="LazConf"/>
        <WindowIndex Value="0"/>
        <TopLine Value="1"/>
        <CursorPos X="1" Y="1"/>
        <UsageCount Value="5"/>
      </Unit77>
      <Unit78>
        <Filename Value="/usr/lib/lazarus/0.9.30/ide/definetemplates.pas"/>
        <UnitName Value="DefineTemplates"/>
        <WindowIndex Value="0"/>
        <TopLine Value="1"/>
        <CursorPos X="1" Y="1"/>
        <UsageCount Value="5"/>
      </Unit78>
      <Unit79>
        <Filename Value="/usr/lib/lazarus/0.9.30/ide/codetoolsstrconsts.pas"/>
        <UnitName Value="CodeToolsStrConsts"/>
        <WindowIndex Value="0"/>
        <TopLine Value="1"/>
        <CursorPos X="1" Y="1"/>
        <UsageCount Value="5"/>
      </Unit79>
      <Unit80>
        <Filename Value="/usr/lib/lazarus/0.9.30/ide/expreval.pas"/>
        <UnitName Value="ExprEval"/>
        <WindowIndex Value="0"/>
        <TopLine Value="1"/>
        <CursorPos X="1" Y="1"/>
        <UsageCount Value="5"/>
      </Unit80>
      <Unit81>
        <Filename Value="/usr/lib/lazarus/0.9.30/ide/buildlazdialog.pas"/>
        <UnitName Value="BuildLazDialog"/>
        <WindowIndex Value="0"/>
        <TopLine Value="1"/>
        <CursorPos X="1" Y="1"/>
        <UsageCount Value="5"/>
      </Unit81>
      <Unit82>
        <Filename Value="/usr/lib/lazarus/0.9.30/ide/laz2_xmlread.pas"/>
        <UnitName Value="laz2_XMLRead"/>
        <WindowIndex Value="0"/>
        <TopLine Value="1"/>
        <CursorPos X="1" Y="1"/>
        <UsageCount Value="5"/>
      </Unit82>
      <Unit83>
        <Filename Value="/usr/lib/lazarus/0.9.30/ide/registersdf.pas"/>
        <UnitName Value="RegisterSDF"/>
        <WindowIndex Value="0"/>
        <TopLine Value="1"/>
        <CursorPos X="1" Y="1"/>
        <UsageCount Value="5"/>
      </Unit83>
      <Unit84>
        <Filename Value="/usr/lib/lazarus/0.9.30/ide/printer4lazarus.pas"/>
        <UnitName Value="Printer4Lazarus"/>
        <WindowIndex Value="0"/>
        <TopLine Value="1"/>
        <CursorPos X="1" Y="1"/>
        <UsageCount Value="5"/>
      </Unit84>
      <Unit85>
        <Filename Value="/usr/lib/lazarus/0.9.30/ide/printersdlgs.pp"/>
        <UnitName Value="PrintersDlgs"/>
        <WindowIndex Value="0"/>
        <TopLine Value="1"/>
        <CursorPos X="1" Y="1"/>
        <UsageCount Value="5"/>
      </Unit85>
      <Unit86>
        <Filename Value="/usr/lib/lazarus/0.9.30/ide/osprinters.pas"/>
        <UnitName Value="osprinters"/>
        <WindowIndex Value="0"/>
        <TopLine Value="29"/>
        <CursorPos X="8" Y="49"/>
        <UsageCount Value="5"/>
      </Unit86>
      <Unit87>
        <Filename Value="/usr/lib/lazarus/0.9.30/ide/lazcontrols.pas"/>
        <UnitName Value="LazControls"/>
        <WindowIndex Value="0"/>
        <TopLine Value="1"/>
        <CursorPos X="1" Y="1"/>
        <UsageCount Value="5"/>
      </Unit87>
      <Unit88>
        <Filename Value="/usr/lib/lazarus/0.9.30/ide/runtimetypeinfocontrols.pas"/>
        <UnitName Value="RunTimeTypeInfoControls"/>
        <WindowIndex Value="0"/>
        <TopLine Value="1"/>
        <CursorPos X="1" Y="1"/>
        <UsageCount Value="5"/>
      </Unit88>
      <Unit89>
        <Filename Value="/usr/lib/lazarus/0.9.30/ide/rttictrls.pas"/>
        <UnitName Value="RTTICtrls"/>
        <WindowIndex Value="0"/>
        <TopLine Value="1"/>
        <CursorPos X="1" Y="1"/>
        <UsageCount Value="4"/>
      </Unit89>
      <Unit90>
        <Filename Value="/usr/lib/lazarus/0.9.30/ide/rttigrids.pas"/>
        <UnitName Value="RTTIGrids"/>
        <WindowIndex Value="0"/>
        <TopLine Value="1"/>
        <CursorPos X="1" Y="1"/>
        <UsageCount Value="4"/>
      </Unit90>
      <Unit91>
        <Filename Value="/usr/lib/lazarus/0.9.30/ide/sourceprinter.pas"/>
        <UnitName Value="SourcePrinter"/>
        <WindowIndex Value="0"/>
        <TopLine Value="1"/>
        <CursorPos X="1" Y="1"/>
        <UsageCount Value="4"/>
      </Unit91>
      <Unit92>
        <Filename Value="/usr/lib/lazarus/0.9.30/ide/memdslaz.pas"/>
        <UnitName Value="MemDSLaz"/>
        <WindowIndex Value="0"/>
        <TopLine Value="1"/>
        <CursorPos X="1" Y="1"/>
        <UsageCount Value="4"/>
      </Unit92>
      <Unit93>
        <Filename Value="/usr/lib/lazarus/0.9.30/ide/frmselectdataset.pp"/>
        <UnitName Value="frmSelectDataset"/>
        <WindowIndex Value="0"/>
        <TopLine Value="156"/>
        <CursorPos X="4" Y="193"/>
        <UsageCount Value="4"/>
      </Unit93>
      <Unit94>
        <Filename Value="../../lazarus/lazarus/lcl/controls.pp"/>
        <UnitName Value="Controls"/>
        <WindowIndex Value="0"/>
        <TopLine Value="139"/>
        <CursorPos X="23" Y="163"/>
        <UsageCount Value="4"/>
      </Unit94>
      <Unit95>
        <Filename Value="../../lazarus/lazarus/lcl/include/control.inc"/>
        <WindowIndex Value="0"/>
        <TopLine Value="2262"/>
        <CursorPos X="1" Y="2286"/>
        <UsageCount Value="9"/>
      </Unit95>
      <Unit96>
        <Filename Value="../../lazarus/lazarus/lcl/forms.pp"/>
        <UnitName Value="Forms"/>
        <WindowIndex Value="0"/>
        <TopLine Value="559"/>
        <CursorPos X="23" Y="600"/>
        <UsageCount Value="5"/>
      </Unit96>
      <Unit97>
        <Filename Value="../../lazarus/lazarus/lcl/include/customform.inc"/>
        <WindowIndex Value="0"/>
        <TopLine Value="359"/>
        <CursorPos X="3" Y="381"/>
        <UsageCount Value="5"/>
      </Unit97>
      <Unit98>
        <Filename Value="dbinfo.pas"/>
        <IsPartOfProject Value="True"/>
        <ComponentName Value="fmDBInfo"/>
        <HasResources Value="True"/>
        <ResourceBaseClass Value="Form"/>
        <UnitName Value="dbInfo"/>
        <WindowIndex Value="0"/>
        <TopLine Value="64"/>
        <CursorPos X="16" Y="66"/>
        <UsageCount Value="128"/>
      </Unit98>
      <Unit99>
        <Filename Value="../../FromInternet/fpc2.4/fpc-2.4.4/packages/ibase/src/ibase60dyn.pp"/>
        <UnitName Value="ibase60dyn"/>
        <WindowIndex Value="0"/>
        <TopLine Value="1"/>
        <CursorPos X="1" Y="1"/>
        <UsageCount Value="7"/>
      </Unit99>
      <Unit100>
        <Filename Value="../../FromInternet/fpc2.4/fpc-2.4.4/packages/ibase/src/ibase60.inc"/>
        <WindowIndex Value="0"/>
        <TopLine Value="1"/>
        <CursorPos X="50" Y="6"/>
        <UsageCount Value="7"/>
      </Unit100>
      <Unit101>
        <Filename Value="../FreeSpider/spiderutils.pas"/>
        <UnitName Value="SpiderUtils"/>
        <WindowIndex Value="0"/>
        <TopLine Value="1"/>
        <CursorPos X="1" Y="1"/>
        <UsageCount Value="10"/>
      </Unit101>
      <Unit102>
        <Filename Value="comparison.pas"/>
        <IsPartOfProject Value="True"/>
        <ComponentName Value="fmComparison"/>
        <HasResources Value="True"/>
        <ResourceBaseClass Value="Form"/>
        <UnitName Value="Comparison"/>
        <WindowIndex Value="0"/>
        <TopLine Value="1"/>
        <CursorPos X="15" Y="255"/>
        <UsageCount Value="115"/>
      </Unit102>
      <Unit103>
        <Filename Value="/usr/share/fpcsrc/2.6.0/rtl/inc/systemh.inc"/>
        <WindowIndex Value="0"/>
        <TopLine Value="815"/>
        <CursorPos X="11" Y="832"/>
        <UsageCount Value="22"/>
      </Unit103>
      <Unit104>
        <Filename Value="/usr/share/fpcsrc/2.6.0/rtl/inc/sstrings.inc"/>
        <WindowIndex Value="0"/>
        <TopLine Value="350"/>
        <CursorPos X="3" Y="352"/>
        <UsageCount Value="9"/>
      </Unit104>
      <Unit105>
        <Filename Value="../../../lazarus/fpc/2.6.1/source/packages/fcl-base/src/custapp.pp"/>
        <UnitName Value="CustApp"/>
        <WindowIndex Value="0"/>
        <TopLine Value="2"/>
        <CursorPos X="63" Y="24"/>
        <UsageCount Value="9"/>
      </Unit105>
      <Unit106>
        <Filename Value="procmod.pas"/>
        <IsPartOfProject Value="True"/>
        <ComponentName Value="fmProcMod"/>
        <HasResources Value="True"/>
        <ResourceBaseClass Value="Form"/>
        <UnitName Value="ProcMod"/>
        <WindowIndex Value="0"/>
        <TopLine Value="1"/>
        <CursorPos X="1" Y="1"/>
        <UsageCount Value="61"/>
      </Unit106>
      <Unit107>
        <Filename Value="../../../lazarus/lcl/interfaces/win32/win32object.inc"/>
        <WindowIndex Value="0"/>
        <TopLine Value="361"/>
        <CursorPos X="23" Y="375"/>
        <UsageCount Value="11"/>
      </Unit107>
      <Unit108>
        <Filename Value="../../../lazarus/fpc/2.6.0/source/packages/fcl-db/src/sqldb/sqldb.pp"/>
        <UnitName Value="sqldb"/>
        <WindowIndex Value="0"/>
        <TopLine Value="342"/>
        <CursorPos X="14" Y="360"/>
        <UsageCount Value="11"/>
      </Unit108>
      <Unit109>
        <Filename Value="../../../lazarus/fpc/2.6.0/source/rtl/objpas/classes/classesh.inc"/>
        <WindowIndex Value="0"/>
        <TopLine Value="1510"/>
        <CursorPos X="15" Y="1527"/>
        <UsageCount Value="11"/>
      </Unit109>
      <Unit110>
        <Filename Value="queryexecuter.pas"/>
        <UnitName Value="QueryExecuter"/>
        <WindowIndex Value="0"/>
        <TopLine Value="6"/>
        <CursorPos X="23" Y="23"/>
        <UsageCount Value="22"/>
      </Unit110>
      <Unit111>
        <Filename Value="/usr/share/fpcsrc/2.6.0/packages/ibase/src/ibase60.inc"/>
        <WindowIndex Value="0"/>
        <TopLine Value="2388"/>
        <CursorPos X="3" Y="2406"/>
        <UsageCount Value="11"/>
      </Unit111>
      <Unit112>
        <Filename Value="/usr/share/fpcsrc/2.6.0/rtl/unix/dynlibs.inc"/>
        <WindowIndex Value="0"/>
        <TopLine Value="15"/>
        <CursorPos X="1" Y="28"/>
        <UsageCount Value="11"/>
      </Unit112>
      <Unit113>
        <Filename Value="/usr/share/fpcsrc/2.6.2/rtl/objpas/classes/classesh.inc"/>
        <WindowIndex Value="0"/>
        <TopLine Value="689"/>
        <CursorPos X="14" Y="706"/>
        <UsageCount Value="10"/>
      </Unit113>
      <Unit114>
        <Filename Value="/usr/share/fpcsrc/2.6.2/rtl/objpas/sysutils/datih.inc"/>
        <WindowIndex Value="0"/>
        <TopLine Value="124"/>
        <CursorPos X="11" Y="143"/>
        <UsageCount Value="10"/>
      </Unit114>
      <Unit115>
        <Filename Value="/usr/share/fpcsrc/2.6.2/rtl/objpas/sysutils/dati.inc"/>
        <WindowIndex Value="0"/>
        <TopLine Value="1026"/>
        <CursorPos X="1" Y="1107"/>
        <UsageCount Value="10"/>
      </Unit115>
      <Unit116>
        <Filename Value="update.pas"/>
        <IsPartOfProject Value="True"/>
        <ComponentName Value="fmUpdate"/>
        <HasResources Value="True"/>
        <ResourceBaseClass Value="Form"/>
        <UnitName Value="Update"/>
        <EditorIndex Value="1"/>
        <WindowIndex Value="0"/>
        <TopLine Value="1"/>
        <CursorPos X="20" Y="9"/>
        <UsageCount Value="25"/>
        <Loaded Value="True"/>
      </Unit116>
      <Unit117>
        <Filename Value="querycomplition.txt"/>
        <WindowIndex Value="0"/>
        <TopLine Value="1"/>
        <CursorPos X="1" Y="1"/>
        <UsageCount Value="10"/>
        <DefaultSyntaxHighlighter Value="None"/>
      </Unit117>
    </Units>
    <JumpHistory Count="30" HistoryIndex="29">
      <Position1>
        <Filename Value="querywindow.pas"/>
        <Caret Line="483" Column="38" TopLine="451"/>
      </Position1>
      <Position2>
        <Filename Value="querywindow.pas"/>
        <Caret Line="489" Column="58" TopLine="457"/>
      </Position2>
      <Position3>
        <Filename Value="querywindow.pas"/>
        <Caret Line="529" Column="32" TopLine="497"/>
      </Position3>
      <Position4>
        <Filename Value="querywindow.pas"/>
        <Caret Line="531" Column="18" TopLine="499"/>
      </Position4>
      <Position5>
        <Filename Value="querywindow.pas"/>
        <Caret Line="585" Column="23" TopLine="553"/>
      </Position5>
      <Position6>
        <Filename Value="querywindow.pas"/>
        <Caret Line="586" Column="20" TopLine="554"/>
      </Position6>
      <Position7>
        <Filename Value="querywindow.pas"/>
        <Caret Line="588" Column="23" TopLine="556"/>
      </Position7>
      <Position8>
        <Filename Value="querywindow.pas"/>
        <Caret Line="589" Column="20" TopLine="557"/>
      </Position8>
      <Position9>
        <Filename Value="querywindow.pas"/>
        <Caret Line="655" Column="34" TopLine="623"/>
      </Position9>
      <Position10>
        <Filename Value="update.pas"/>
        <Caret Line="171" Column="40" TopLine="150"/>
      </Position10>
      <Position11>
        <Filename Value="querywindow.pas"/>
        <Caret Line="1546" Column="9" TopLine="1542"/>
      </Position11>
      <Position12>
        <Filename Value="querywindow.pas"/>
        <Caret Line="1547" Column="17" TopLine="1543"/>
      </Position12>
      <Position13>
        <Filename Value="querywindow.pas"/>
        <Caret Line="1560" Column="59" TopLine="1550"/>
      </Position13>
      <Position14>
        <Filename Value="querywindow.pas"/>
        <Caret Line="1569" Column="18" TopLine="1554"/>
      </Position14>
      <Position15>
        <Filename Value="querywindow.pas"/>
        <Caret Line="1555" Column="35" TopLine="1545"/>
      </Position15>
      <Position16>
        <Filename Value="querywindow.pas"/>
        <Caret Line="1554" Column="58" TopLine="1547"/>
      </Position16>
      <Position17>
        <Filename Value="querywindow.pas"/>
        <Caret Line="1560" Column="41" TopLine="1546"/>
      </Position17>
      <Position18>
        <Filename Value="querywindow.pas"/>
        <Caret Line="865" Column="42" TopLine="859"/>
      </Position18>
      <Position19>
        <Filename Value="querywindow.pas"/>
        <Caret Line="920" Column="44" TopLine="919"/>
      </Position19>
      <Position20>
        <Filename Value="querywindow.pas"/>
        <Caret Line="1563" Column="23" TopLine="1555"/>
      </Position20>
      <Position21>
        <Filename Value="querywindow.pas"/>
        <Caret Line="1893" Column="3" TopLine="1888"/>
      </Position21>
      <Position22>
        <Filename Value="querywindow.pas"/>
        <Caret Line="1563" Column="63" TopLine="1557"/>
      </Position22>
      <Position23>
        <Filename Value="querywindow.pas"/>
        <Caret Line="6" Column="52" TopLine="1"/>
      </Position23>
      <Position24>
        <Filename Value="querywindow.pas"/>
        <Caret Line="82" Column="19" TopLine="70"/>
      </Position24>
      <Position25>
        <Filename Value="querywindow.pas"/>
        <Caret Line="128" Column="29" TopLine="116"/>
      </Position25>
      <Position26>
        <Filename Value="querywindow.pas"/>
        <Caret Line="643" Column="40" TopLine="630"/>
      </Position26>
      <Position27>
        <Filename Value="querywindow.pas"/>
        <Caret Line="647" Column="17" TopLine="634"/>
      </Position27>
      <Position28>
        <Filename Value="querywindow.pas"/>
        <Caret Line="872" Column="21" TopLine="859"/>
      </Position28>
      <Position29>
        <Filename Value="querywindow.pas"/>
        <Caret Line="1512" Column="27" TopLine="1512"/>
      </Position29>
      <Position30>
        <Filename Value="querywindow.pas"/>
        <Caret Line="1566" Column="9" TopLine="1554"/>
      </Position30>
    </JumpHistory>
  </ProjectOptions>
  <CompilerOptions>
    <Version Value="11"/>
    <SearchPaths>
      <IncludeFiles Value="$(ProjOutDir)"/>
      <OtherUnitFiles Value="G:/dev/lib/Synapse/source/lib/"/>
    </SearchPaths>
    <CodeGeneration>
      <SmartLinkUnit Value="True"/>
      <SmallerCode Value="True"/>
      <Optimizations>
        <OptimizationLevel Value="3"/>
      </Optimizations>
    </CodeGeneration>
    <Linking>
      <Debugging>
        <GenerateDebugInfo Value="False"/>
        <UseLineInfoUnit Value="False"/>
        <StripSymbols Value="True"/>
      </Debugging>
      <LinkSmart Value="True"/>
      <Options>
        <Win32>
          <GraphicApplication Value="True"/>
        </Win32>
      </Options>
    </Linking>
    <Other>
      <CompilerMessages>
        <UseMsgFile Value="True"/>
      </CompilerMessages>
      <CompilerPath Value="$(CompPath)"/>
    </Other>
  </CompilerOptions>
  <Debugging>
    <Exceptions Count="3">
      <Item1>
        <Name Value="EAbort"/>
      </Item1>
      <Item2>
        <Name Value="ECodetoolError"/>
      </Item2>
      <Item3>
        <Name Value="EFOpenError"/>
      </Item3>
    </Exceptions>
  </Debugging>
</CONFIG>
