<?xml version="1.0" encoding="UTF-8"?>
<CONFIG>
  <ProjectOptions>
    <Version Value="9"/>
    <General>
      <Flags>
        <LRSInOutputDirectory Value="False"/>
      </Flags>
      <SessionStorage Value="InProjectDir"/>
      <MainUnit Value="0"/>
      <Title Value="TurboBird"/>
      <ResourceType Value="res"/>
      <UseXPManifest Value="True"/>
      <Icon Value="0"/>
    </General>
    <VersionInfo>
      <UseVersionInfo Value="True"/>
      <AutoIncrementBuild Value="True"/>
      <MajorVersionNr Value="1"/>
      <RevisionNr Value="1"/>
      <BuildNr Value="1096"/>
      <StringTable ProductVersion="0.9"/>
    </VersionInfo>
    <BuildModes Count="2">
      <Item1 Name="default" Default="True"/>
      <Item2 Name="debug">
        <CompilerOptions>
          <Version Value="11"/>
          <SearchPaths>
            <IncludeFiles Value="$(ProjOutDir)"/>
            <OtherUnitFiles Value="../Synapse/source/lib"/>
          </SearchPaths>
          <Parsing>
            <SyntaxOptions>
              <IncludeAssertionCode Value="True"/>
            </SyntaxOptions>
          </Parsing>
          <CodeGeneration>
            <Checks>
              <IOChecks Value="True"/>
              <RangeChecks Value="True"/>
              <OverflowChecks Value="True"/>
              <StackChecks Value="True"/>
            </Checks>
            <Optimizations>
              <OptimizationLevel Value="0"/>
            </Optimizations>
          </CodeGeneration>
          <Linking>
            <Debugging>
              <UseHeaptrc Value="True"/>
            </Debugging>
            <Options>
              <Win32>
                <GraphicApplication Value="True"/>
              </Win32>
            </Options>
          </Linking>
          <Other>
            <CompilerMessages>
              <UseMsgFile Value="True"/>
            </CompilerMessages>
            <CustomOptions Value="-dDEBUG"/>
            <CompilerPath Value="$(CompPath)"/>
          </Other>
        </CompilerOptions>
      </Item2>
    </BuildModes>
    <PublishOptions>
      <Version Value="2"/>
      <IgnoreBinaries Value="False"/>
      <IncludeFileFilter Value="*.(pas|pp|inc|lfm|lpr|lrs|lpi|lpk|sh|xml)"/>
      <ExcludeFileFilter Value="*.(bak|ppu|ppw|o|so);*~;backup"/>
    </PublishOptions>
    <RunParams>
      <local>
        <FormatVersion Value="1"/>
        <LaunchingApplication PathPlusParams="/usr/X11R6/bin/xterm -T 'Lazarus Run Output' -e $(LazarusDir)/tools/runwait.sh $(TargetCmdLine)"/>
      </local>
    </RunParams>
    <RequiredPackages Count="6">
      <Item1>
        <PackageName Value="laz_synapse"/>
      </Item1>
      <Item2>
        <PackageName Value="MemDSLaz"/>
      </Item2>
      <Item3>
        <PackageName Value="SQLDBLaz"/>
      </Item3>
      <Item4>
        <PackageName Value="SynEdit"/>
        <MinVersion Major="1" Valid="True"/>
      </Item4>
      <Item5>
        <PackageName Value="FCL"/>
        <MinVersion Major="1" Valid="True"/>
      </Item5>
      <Item6>
        <PackageName Value="LCL"/>
      </Item6>
    </RequiredPackages>
    <Units Count="37">
      <Unit0>
        <Filename Value="TurboBird.lpr"/>
        <IsPartOfProject Value="True"/>
        <UnitName Value="TurboBird"/>
      </Unit0>
      <Unit1>
        <Filename Value="main.pas"/>
        <IsPartOfProject Value="True"/>
        <ComponentName Value="fmMain"/>
        <HasResources Value="True"/>
        <ResourceBaseClass Value="Form"/>
        <UnitName Value="main"/>
      </Unit1>
      <Unit2>
        <Filename Value="createdb.pas"/>
        <IsPartOfProject Value="True"/>
        <ComponentName Value="fmCreateDB"/>
        <HasResources Value="True"/>
        <ResourceBaseClass Value="Form"/>
        <UnitName Value="CreateDb"/>
      </Unit2>
      <Unit3>
        <Filename Value="reg.pas"/>
        <IsPartOfProject Value="True"/>
        <ComponentName Value="fmReg"/>
        <HasResources Value="True"/>
        <ResourceBaseClass Value="Form"/>
        <UnitName Value="Reg"/>
      </Unit3>
      <Unit4>
        <Filename Value="querywindow.pas"/>
        <IsPartOfProject Value="True"/>
        <ComponentName Value="fmQueryWindow"/>
        <HasResources Value="True"/>
        <ResourceBaseClass Value="Form"/>
        <UnitName Value="QueryWindow"/>
      </Unit4>
      <Unit5>
        <Filename Value="viewview.pas"/>
        <IsPartOfProject Value="True"/>
        <ComponentName Value="fmViewView"/>
        <ResourceBaseClass Value="Form"/>
        <UnitName Value="ViewView"/>
      </Unit5>
      <Unit6>
        <Filename Value="viewtrigger.pas"/>
        <IsPartOfProject Value="True"/>
        <ComponentName Value="fmViewTrigger"/>
        <ResourceBaseClass Value="Form"/>
        <UnitName Value="ViewTrigger"/>
      </Unit6>
      <Unit7>
        <Filename Value="viewsproc.pas"/>
        <IsPartOfProject Value="True"/>
        <ComponentName Value="fmViewSProc"/>
        <ResourceBaseClass Value="Form"/>
        <UnitName Value="ViewSProc"/>
      </Unit7>
      <Unit8>
        <Filename Value="viewgen.pas"/>
        <IsPartOfProject Value="True"/>
        <ComponentName Value="fmViewGen"/>
        <ResourceBaseClass Value="Form"/>
        <UnitName Value="ViewGen"/>
      </Unit8>
      <Unit9>
        <Filename Value="newtable.pas"/>
        <IsPartOfProject Value="True"/>
        <ComponentName Value="fmNewTable"/>
        <HasResources Value="True"/>
        <ResourceBaseClass Value="Form"/>
        <UnitName Value="NewTable"/>
      </Unit9>
      <Unit10>
        <Filename Value="newgen.pas"/>
        <IsPartOfProject Value="True"/>
        <ComponentName Value="fmNewGen"/>
        <ResourceBaseClass Value="Form"/>
        <UnitName Value="NewGen"/>
      </Unit10>
      <Unit11>
        <Filename Value="enterpass.pas"/>
        <IsPartOfProject Value="True"/>
        <ComponentName Value="fmEnterPass"/>
        <HasResources Value="True"/>
        <ResourceBaseClass Value="Form"/>
        <UnitName Value="EnterPass"/>
      </Unit11>
      <Unit12>
        <Filename Value="about.pas"/>
        <IsPartOfProject Value="True"/>
        <ComponentName Value="fmAbout"/>
        <HasResources Value="True"/>
        <ResourceBaseClass Value="Form"/>
        <UnitName Value="About"/>
      </Unit12>
      <Unit13>
        <Filename Value="createtrigger.pas"/>
        <IsPartOfProject Value="True"/>
        <ComponentName Value="fmCreateTrigger"/>
        <ResourceBaseClass Value="Form"/>
        <UnitName Value="CreateTrigger"/>
      </Unit13>
      <Unit14>
        <Filename Value="edittable.pas"/>
        <IsPartOfProject Value="True"/>
        <ComponentName Value="fmEditTable"/>
        <HasResources Value="True"/>
        <ResourceBaseClass Value="Form"/>
        <UnitName Value="EditTable"/>
      </Unit14>
      <Unit15>
        <Filename Value="callproc.pas"/>
        <IsPartOfProject Value="True"/>
        <ComponentName Value="fmCallProc"/>
        <ResourceBaseClass Value="Form"/>
        <UnitName Value="CallProc"/>
      </Unit15>
      <Unit16>
        <Filename Value="editdatafullrec.pas"/>
        <IsPartOfProject Value="True"/>
        <ComponentName Value="fmEditDataFullRec"/>
        <ResourceBaseClass Value="Form"/>
        <UnitName Value="EditDataFullRec"/>
      </Unit16>
      <Unit17>
        <Filename Value="udfinfo.pas"/>
        <IsPartOfProject Value="True"/>
        <ComponentName Value="fmUDFInfo"/>
        <ResourceBaseClass Value="Form"/>
        <UnitName Value="UDFInfo"/>
      </Unit17>
      <Unit18>
        <Filename Value="viewdomain.pas"/>
        <IsPartOfProject Value="True"/>
        <ComponentName Value="fmViewDomain"/>
        <ResourceBaseClass Value="Form"/>
        <UnitName Value="ViewDomain"/>
      </Unit18>
      <Unit19>
        <Filename Value="newdomain.pas"/>
        <IsPartOfProject Value="True"/>
        <ComponentName Value="fmNewDomain"/>
        <ResourceBaseClass Value="Form"/>
        <UnitName Value="NewDomain"/>
      </Unit19>
      <Unit20>
        <Filename Value="systables.pas"/>
        <IsPartOfProject Value="True"/>
        <ComponentName Value="dmSysTables"/>
        <HasResources Value="True"/>
        <ResourceBaseClass Value="DataModule"/>
        <UnitName Value="SysTables"/>
      </Unit20>
      <Unit21>
        <Filename Value="newconstraint.pas"/>
        <IsPartOfProject Value="True"/>
        <ComponentName Value="fmNewConstraint"/>
        <ResourceBaseClass Value="Form"/>
        <UnitName Value="NewConstraint"/>
      </Unit21>
      <Unit22>
        <Filename Value="neweditfield.pas"/>
        <IsPartOfProject Value="True"/>
        <ComponentName Value="fmNewEditField"/>
        <ResourceBaseClass Value="Form"/>
        <UnitName Value="NewEditField"/>
      </Unit22>
      <Unit23>
        <Filename Value="calen.pas"/>
        <IsPartOfProject Value="True"/>
        <ComponentName Value="fmCalen"/>
        <ResourceBaseClass Value="Form"/>
        <UnitName Value="Calen"/>
      </Unit23>
      <Unit24>
        <Filename Value="scriptdb.pas"/>
        <IsPartOfProject Value="True"/>
        <UnitName Value="Scriptdb"/>
      </Unit24>
      <Unit25>
        <Filename Value="userpermissions.pas"/>
        <IsPartOfProject Value="True"/>
        <ComponentName Value="fmUserPermissions"/>
        <HasResources Value="True"/>
        <ResourceBaseClass Value="Form"/>
        <UnitName Value="UserPermissions"/>
      </Unit25>
      <Unit26>
        <Filename Value="tablemanage.pas"/>
        <IsPartOfProject Value="True"/>
        <ComponentName Value="fmTableManage"/>
        <HasResources Value="True"/>
        <ResourceBaseClass Value="Form"/>
        <UnitName Value="TableManage"/>
      </Unit26>
      <Unit27>
        <Filename Value="backuprestore.pas"/>
        <IsPartOfProject Value="True"/>
        <ComponentName Value="fmBackupRestore"/>
        <HasResources Value="True"/>
        <ResourceBaseClass Value="Form"/>
        <UnitName Value="BackupRestore"/>
      </Unit27>
      <Unit28>
        <Filename Value="createuser.pas"/>
        <IsPartOfProject Value="True"/>
        <ComponentName Value="fmCreateUser"/>
        <HasResources Value="True"/>
        <ResourceBaseClass Value="Form"/>
        <UnitName Value="CreateUser"/>
      </Unit28>
      <Unit29>
        <Filename Value="changepass.pas"/>
        <IsPartOfProject Value="True"/>
        <ComponentName Value="fmChangePass"/>
        <HasResources Value="True"/>
        <ResourceBaseClass Value="Form"/>
        <UnitName Value="ChangePass"/>
      </Unit29>
      <Unit30>
        <Filename Value="permissionmanage.pas"/>
        <IsPartOfProject Value="True"/>
        <ComponentName Value="fmPermissionManage"/>
        <HasResources Value="True"/>
        <ResourceBaseClass Value="Form"/>
        <UnitName Value="PermissionManage"/>
      </Unit30>
      <Unit31>
        <Filename Value="sqlhistory.pas"/>
        <IsPartOfProject Value="True"/>
        <ComponentName Value="fmSQLHistory"/>
        <HasResources Value="True"/>
        <ResourceBaseClass Value="Form"/>
        <UnitName Value="SQLHistory"/>
      </Unit31>
      <Unit32>
        <Filename Value="copytable.pas"/>
        <IsPartOfProject Value="True"/>
        <ComponentName Value="fmCopyTable"/>
        <HasResources Value="True"/>
        <ResourceBaseClass Value="Form"/>
        <UnitName Value="CopyTable"/>
      </Unit32>
      <Unit33>
        <Filename Value="dbinfo.pas"/>
        <IsPartOfProject Value="True"/>
        <ComponentName Value="fmDBInfo"/>
        <HasResources Value="True"/>
        <ResourceBaseClass Value="Form"/>
        <UnitName Value="dbInfo"/>
      </Unit33>
      <Unit34>
        <Filename Value="comparison.pas"/>
        <IsPartOfProject Value="True"/>
        <ComponentName Value="fmComparison"/>
        <HasResources Value="True"/>
        <ResourceBaseClass Value="Form"/>
        <UnitName Value="Comparison"/>
      </Unit34>
      <Unit35>
        <Filename Value="procmod.pas"/>
        <IsPartOfProject Value="True"/>
        <ComponentName Value="fmProcMod"/>
        <HasResources Value="True"/>
        <ResourceBaseClass Value="Form"/>
        <UnitName Value="ProcMod"/>
      </Unit35>
      <Unit36>
        <Filename Value="update.pas"/>
        <IsPartOfProject Value="True"/>
        <ComponentName Value="fmUpdate"/>
        <HasResources Value="True"/>
        <ResourceBaseClass Value="Form"/>
        <UnitName Value="Update"/>
      </Unit36>
    </Units>
  </ProjectOptions>
  <CompilerOptions>
    <Version Value="11"/>
    <SearchPaths>
      <IncludeFiles Value="$(ProjOutDir)"/>
      <OtherUnitFiles Value="../Synapse/source/lib"/>
    </SearchPaths>
    <CodeGeneration>
      <SmartLinkUnit Value="True"/>
      <Optimizations>
        <OptimizationLevel Value="3"/>
      </Optimizations>
      <SmallerCode Value="True"/>
    </CodeGeneration>
    <Linking>
      <Debugging>
        <GenerateDebugInfo Value="False"/>
        <StripSymbols Value="True"/>
      </Debugging>
      <LinkSmart Value="True"/>
      <Options>
        <Win32>
          <GraphicApplication Value="True"/>
        </Win32>
      </Options>
    </Linking>
    <Other>
      <CompilerMessages>
        <UseMsgFile Value="True"/>
      </CompilerMessages>
      <CompilerPath Value="$(CompPath)"/>
    </Other>
  </CompilerOptions>
  <Debugging>
    <Exceptions Count="3">
      <Item1>
        <Name Value="EAbort"/>
      </Item1>
      <Item2>
        <Name Value="ECodetoolError"/>
      </Item2>
      <Item3>
        <Name Value="EFOpenError"/>
      </Item3>
    </Exceptions>
  </Debugging>
</CONFIG>
